
Microsoft Visual Studio Solution File, Format Version 12.00
# Visual Studio Version 17
VisualStudioVersion = 17.11.35222.181
MinimumVisualStudioVersion = 10.0.40219.1
Project("{FAE04EC0-301F-11D3-BF4B-00C04F79EFBC}") = "task_11", "task_11\task_11.csproj", "{A8BC4621-60AA-43DC-9707-52F7B6054165}"
EndProject
Global
	GlobalSection(SolutionConfigurationPlatforms) = preSolution
		Debug|Any CPU = Debug|Any CPU
		Release|Any CPU = Release|Any CPU
	EndGlobalSection
	GlobalSection(ProjectConfigurationPlatforms) = postSolution
		{A8BC4621-60AA-43DC-9707-52F7B6054165}.Debug|Any CPU.ActiveCfg = Debug|Any CPU
		{A8BC4621-60AA-43DC-9707-52F7B6054165}.Debug|Any CPU.Build.0 = Debug|Any CPU
		{A8BC4621-60AA-43DC-9707-52F7B6054165}.Release|Any CPU.ActiveCfg = Release|Any CPU
		{A8BC4621-60AA-43DC-9707-52F7B6054165}.Release|Any CPU.Build.0 = Release|Any CPU
	EndGlobalSection
	GlobalSection(SolutionProperties) = preSolution
		HideSolutionNode = FALSE
	EndGlobalSection
	GlobalSection(ExtensibilityGlobals) = postSolution
		SolutionGuid = {0D6B0BEA-E032-41E5-9CA2-35A6B4D6CFCE}
	EndGlobalSection
EndGlobal
