
Microsoft Visual Studio Solution File, Format Version 12.00
# Visual Studio Version 17
VisualStudioVersion = 17.11.35222.181
MinimumVisualStudioVersion = 10.0.40219.1
Project("{FAE04EC0-301F-11D3-BF4B-00C04F79EFBC}") = "task_exam", "task_exam\task_exam.csproj", "{5ADACEBD-07A7-4FF8-9B2A-920D9FC760EB}"
EndProject
Global
	GlobalSection(SolutionConfigurationPlatforms) = preSolution
		Debug|Any CPU = Debug|Any CPU
		Release|Any CPU = Release|Any CPU
	EndGlobalSection
	GlobalSection(ProjectConfigurationPlatforms) = postSolution
		{5ADACEBD-07A7-4FF8-9B2A-920D9FC760EB}.Debug|Any CPU.ActiveCfg = Debug|Any CPU
		{5ADACEBD-07A7-4FF8-9B2A-920D9FC760EB}.Debug|Any CPU.Build.0 = Debug|Any CPU
		{5ADACEBD-07A7-4FF8-9B2A-920D9FC760EB}.Release|Any CPU.ActiveCfg = Release|Any CPU
		{5ADACEBD-07A7-4FF8-9B2A-920D9FC760EB}.Release|Any CPU.Build.0 = Release|Any CPU
	EndGlobalSection
	GlobalSection(SolutionProperties) = preSolution
		HideSolutionNode = FALSE
	EndGlobalSection
	GlobalSection(ExtensibilityGlobals) = postSolution
		SolutionGuid = {05B980E7-4B43-4406-AAD7-37C64D969C3D}
	EndGlobalSection
EndGlobal
