
Microsoft Visual Studio Solution File, Format Version 12.00
# Visual Studio Version 17
VisualStudioVersion = 17.11.35222.181
MinimumVisualStudioVersion = 10.0.40219.1
Project("{FAE04EC0-301F-11D3-BF4B-00C04F79EFBC}") = "task10_4", "task10_4\task10_4.csproj", "{B86FA5E6-A3FD-42FB-8139-1093E1C9D721}"
EndProject
Global
	GlobalSection(SolutionConfigurationPlatforms) = preSolution
		Debug|Any CPU = Debug|Any CPU
		Release|Any CPU = Release|Any CPU
	EndGlobalSection
	GlobalSection(ProjectConfigurationPlatforms) = postSolution
		{B86FA5E6-A3FD-42FB-8139-1093E1C9D721}.Debug|Any CPU.ActiveCfg = Debug|Any CPU
		{B86FA5E6-A3FD-42FB-8139-1093E1C9D721}.Debug|Any CPU.Build.0 = Debug|Any CPU
		{B86FA5E6-A3FD-42FB-8139-1093E1C9D721}.Release|Any CPU.ActiveCfg = Release|Any CPU
		{B86FA5E6-A3FD-42FB-8139-1093E1C9D721}.Release|Any CPU.Build.0 = Release|Any CPU
	EndGlobalSection
	GlobalSection(SolutionProperties) = preSolution
		HideSolutionNode = FALSE
	EndGlobalSection
	GlobalSection(ExtensibilityGlobals) = postSolution
		SolutionGuid = {A12F0F44-C531-4E67-9B58-994BFEA34386}
	EndGlobalSection
EndGlobal
