
Microsoft Visual Studio Solution File, Format Version 12.00
# Visual Studio Version 17
VisualStudioVersion = 17.11.35222.181
MinimumVisualStudioVersion = 10.0.40219.1
Project("{FAE04EC0-301F-11D3-BF4B-00C04F79EFBC}") = "ServiceLibrary", "ServiceLibrary\ServiceLibrary.csproj", "{9AC7A6DF-A84B-4B10-BACF-6017F8822B72}"
EndProject
Project("{FAE04EC0-301F-11D3-BF4B-00C04F79EFBC}") = "ServicemanUnitTest", "ServicemanUnitTest\ServicemanUnitTest.csproj", "{7D833380-135C-4E6A-B056-7051DC352A36}"
EndProject
Global
	GlobalSection(SolutionConfigurationPlatforms) = preSolution
		Debug|Any CPU = Debug|Any CPU
		Release|Any CPU = Release|Any CPU
	EndGlobalSection
	GlobalSection(ProjectConfigurationPlatforms) = postSolution
		{9AC7A6DF-A84B-4B10-BACF-6017F8822B72}.Debug|Any CPU.ActiveCfg = Debug|Any CPU
		{9AC7A6DF-A84B-4B10-BACF-6017F8822B72}.Debug|Any CPU.Build.0 = Debug|Any CPU
		{9AC7A6DF-A84B-4B10-BACF-6017F8822B72}.Release|Any CPU.ActiveCfg = Release|Any CPU
		{9AC7A6DF-A84B-4B10-BACF-6017F8822B72}.Release|Any CPU.Build.0 = Release|Any CPU
		{7D833380-135C-4E6A-B056-7051DC352A36}.Debug|Any CPU.ActiveCfg = Debug|Any CPU
		{7D833380-135C-4E6A-B056-7051DC352A36}.Debug|Any CPU.Build.0 = Debug|Any CPU
		{7D833380-135C-4E6A-B056-7051DC352A36}.Release|Any CPU.ActiveCfg = Release|Any CPU
		{7D833380-135C-4E6A-B056-7051DC352A36}.Release|Any CPU.Build.0 = Release|Any CPU
	EndGlobalSection
	GlobalSection(SolutionProperties) = preSolution
		HideSolutionNode = FALSE
	EndGlobalSection
	GlobalSection(ExtensibilityGlobals) = postSolution
		SolutionGuid = {D5A05D61-A935-4944-A5C1-B61442BFD02F}
	EndGlobalSection
EndGlobal
